title: 'Code Block'
fields:
  -
    handle: code
    field:
      theme: material
      mode: htmlmixed
      mode_selectable: false
      indent_type: tabs
      indent_size: 4
      key_map: default
      line_numbers: true
      line_wrapping: true
      display: Code
      type: code
      icon: code
      listable: hidden
      instructions_position: above
      visibility: visible
      always_save: false
  -
    handle: language
    field:
      options:
        abap: ABAP
        Ada: ada
        actionscript-3: Actionscript3
        alpine: Alpine.js
        apex: Apex
        applescript: Applescript
        asm: Assembly
        awk: AWK
        bash: Bash
        bat: Batch
        c: c
        csharp: 'C#'
        cpp: C++
        clojure: Clojure
        cobol: Cobol
        coffee: CoffeeScript
        crystal: Crystal
        css: CSS
        curl: Curl
        d: D
        dart: Dart
        dockerfile: Dockerfile
        elixir: Elixir
        elm: Elm
        erb: 'Embedded Ruby (ERB'
        erlang: Erlang
        fsharp: 'F#'
        git-commit: git-commit
        diff: git-diff
        gitignore: git-ignore
        git-rebase: git-rebase
        gnuplot: gnuplot
        go: Go
        graphql: GraphQL
        groovy: Groovy
        hack: Hack
        haml: Haml
        handlebars: Handlebars
        hcl: 'HashiCorp Configuration Language'
        haskell: Haskell
        hlsl: HLSL
        html: HTML
        ini: INI
        java: Java
        javascript: JavaScript
        jinja-html: 'Jinja HTML'
        json: JSON
        jsonc: jsonc
        Jsonnet: jsonnet
        jsx: JSX
        julia: Julia
        kotlin: Kotlin
        blade: 'Laravel Blade'
        latex: Latex
        less: Less
        lisp: Lisp
        logo: Logo
        lua: Lua
        makefile: Makefile
        markdown: Markdown
        matlab: MATLAB
        mdx: MDX
        nix: Nix
        objective-c: Objective-C
        ocaml: OCaml
        pascal: Pascal
        perl: Perl
        perl6: Perl6
        php: PHP
        plaintext: Plaintext
        pls: PLSQL
        postcss: PostCSS
        powershell: PowerShell
        prolog: Prolog
        pug: Pug
        puppet: Puppet
        purescript: PureScript
        python: Python
        r: R
        razor: Razor
        ruby: Ruby
        rust: Rust
        sas: SAS
        sass: Sass
        scala: Scala
        scheme: Scheme
        scss: SCSS
        shaderlab: ShaderLab
        shell: Shell
        smalltalk: Smalltalk
        sql: SQL
        ssh-config: ssh-config
        antlers: 'Statamic Antlers'
        stylus: Stylus
        swift: Swift
        tcl: Tcl
        toml: TOML
        tsx: tsx
        typescript: TypeScript
        vb: VB
        viml: VimL
        vue: Vue
        wasm: WebAssembly
        wenyan: Wenyan
        xml: XML
        xsl: XSL
        yaml: YAML
      multiple: false
      clearable: false
      searchable: true
      taggable: false
      push_tags: false
      cast_booleans: false
      display: Language
      type: select
      icon: select
      listable: hidden
      instructions_position: above
      visibility: visible
      always_save: false
